// !$*UTF8*$!
{
	archiveVersion = 1;
	classes = {
	};
	objectVersion = 56;
	objects = {

/* Begin PBXBuildFile section */
		2CB417F03CA77DD70C4FDB5A /* VeritasKit in Frameworks */ = {isa = PBXBuildFile; productRef = B050E3EB3F45558E725458D7 /* VeritasKit */; };
		89F0C3F40F3CC640240D8127 /* Theme.swift in Sources */ = {isa = PBXBuildFile; fileRef = EA6D714CCE44F3D68FE735F3 /* Theme.swift */; };
		9AC6944D61F84E7F3016C5E5 /* AppStore.swift in Sources */ = {isa = PBXBuildFile; fileRef = 74BC56BEF5CD9BC036CB6E0B /* AppStore.swift */; };
		5B0227E88340ED06CD048B7B /* DebateSession.swift in Sources */ = {isa = PBXBuildFile; fileRef = EF6167B7E76DDB38B901E17D /* DebateSession.swift */; };
		18B9BF0908A9DF54EDB16D24 /* Keychain.swift in Sources */ = {isa = PBXBuildFile; fileRef = 3F2982ACF605130614F36380 /* Keychain.swift */; };
		F655146B6D9B732719681929 /* VeritasApp.swift in Sources */ = {isa = PBXBuildFile; fileRef = FA38048070E76CDF23E33D8F /* VeritasApp.swift */; };
		760427358D1FFEEDC150F39D /* DebateRoomView.swift in Sources */ = {isa = PBXBuildFile; fileRef = 4AD83206F032038F999249C1 /* DebateRoomView.swift */; };
		527F7C291B04828F903AC7C9 /* DictationButton.swift in Sources */ = {isa = PBXBuildFile; fileRef = 4973C7307C0BE9C9A4CB7D76 /* DictationButton.swift */; };
		E2D53F633860BFA6EB43443B /* HistoryView.swift in Sources */ = {isa = PBXBuildFile; fileRef = AE63C97D0D965EBF37CD48BE /* HistoryView.swift */; };
		90DED613D1D54A33FAA60C32 /* HomeView.swift in Sources */ = {isa = PBXBuildFile; fileRef = 7AD2018FAB468624030ABFED /* HomeView.swift */; };
		E175D6D553C4A1F6427E4B07 /* LibraryView.swift in Sources */ = {isa = PBXBuildFile; fileRef = 1EE30165E490D527798FCA5D /* LibraryView.swift */; };
		12CCF2167BA2CA67E3397A8F /* ReportView.swift in Sources */ = {isa = PBXBuildFile; fileRef = 3A86EAA9533A0B56D4AA921A /* ReportView.swift */; };
		1999EED209CF8D49151260FC /* RootView.swift in Sources */ = {isa = PBXBuildFile; fileRef = 6D387A97803587DBB369388A /* RootView.swift */; };
		4211AE5091F5C7B0625B3857 /* SettingsView.swift in Sources */ = {isa = PBXBuildFile; fileRef = 507F0702D5B0F86035086C26 /* SettingsView.swift */; };
		C7794B5D912199FAD1B3453E /* SetupView.swift in Sources */ = {isa = PBXBuildFile; fileRef = 62ABC3CB6C65A939CF7FCC18 /* SetupView.swift */; };
		3E68B095CB0EABD6566AAD8C /* Assets.xcassets in Resources */ = {isa = PBXBuildFile; fileRef = 106D49302F1D944B45142836 /* Assets.xcassets */; };
/* End PBXBuildFile section */

/* Begin PBXFileReference section */
		21DAE3DC924DD4C1483D3FB0 /* Veritas.app */ = {isa = PBXFileReference; explicitFileType = wrapper.application; includeInIndex = 0; path = Veritas.app; sourceTree = BUILT_PRODUCTS_DIR; };
		EA6D714CCE44F3D68FE735F3 /* Theme.swift */ = {isa = PBXFileReference; lastKnownFileType = sourcecode.swift; path = Theme.swift; sourceTree = "<group>"; };
		74BC56BEF5CD9BC036CB6E0B /* AppStore.swift */ = {isa = PBXFileReference; lastKnownFileType = sourcecode.swift; path = AppStore.swift; sourceTree = "<group>"; };
		EF6167B7E76DDB38B901E17D /* DebateSession.swift */ = {isa = PBXFileReference; lastKnownFileType = sourcecode.swift; path = DebateSession.swift; sourceTree = "<group>"; };
		3F2982ACF605130614F36380 /* Keychain.swift */ = {isa = PBXFileReference; lastKnownFileType = sourcecode.swift; path = Keychain.swift; sourceTree = "<group>"; };
		FA38048070E76CDF23E33D8F /* VeritasApp.swift */ = {isa = PBXFileReference; lastKnownFileType = sourcecode.swift; path = VeritasApp.swift; sourceTree = "<group>"; };
		4AD83206F032038F999249C1 /* DebateRoomView.swift */ = {isa = PBXFileReference; lastKnownFileType = sourcecode.swift; path = DebateRoomView.swift; sourceTree = "<group>"; };
		4973C7307C0BE9C9A4CB7D76 /* DictationButton.swift */ = {isa = PBXFileReference; lastKnownFileType = sourcecode.swift; path = DictationButton.swift; sourceTree = "<group>"; };
		AE63C97D0D965EBF37CD48BE /* HistoryView.swift */ = {isa = PBXFileReference; lastKnownFileType = sourcecode.swift; path = HistoryView.swift; sourceTree = "<group>"; };
		7AD2018FAB468624030ABFED /* HomeView.swift */ = {isa = PBXFileReference; lastKnownFileType = sourcecode.swift; path = HomeView.swift; sourceTree = "<group>"; };
		1EE30165E490D527798FCA5D /* LibraryView.swift */ = {isa = PBXFileReference; lastKnownFileType = sourcecode.swift; path = LibraryView.swift; sourceTree = "<group>"; };
		3A86EAA9533A0B56D4AA921A /* ReportView.swift */ = {isa = PBXFileReference; lastKnownFileType = sourcecode.swift; path = ReportView.swift; sourceTree = "<group>"; };
		6D387A97803587DBB369388A /* RootView.swift */ = {isa = PBXFileReference; lastKnownFileType = sourcecode.swift; path = RootView.swift; sourceTree = "<group>"; };
		507F0702D5B0F86035086C26 /* SettingsView.swift */ = {isa = PBXFileReference; lastKnownFileType = sourcecode.swift; path = SettingsView.swift; sourceTree = "<group>"; };
		62ABC3CB6C65A939CF7FCC18 /* SetupView.swift */ = {isa = PBXFileReference; lastKnownFileType = sourcecode.swift; path = SetupView.swift; sourceTree = "<group>"; };
		106D49302F1D944B45142836 /* Assets.xcassets */ = {isa = PBXFileReference; lastKnownFileType = folder.assetcatalog; path = Assets.xcassets; sourceTree = "<group>"; };
		62DD56E7CA71D03BD4DA5EDD /* Veritas.entitlements */ = {isa = PBXFileReference; lastKnownFileType = text.plist.entitlements; path = Veritas.entitlements; sourceTree = "<group>"; };
/* End PBXFileReference section */

/* Begin PBXFrameworksBuildPhase section */
		019BAB185F97B56993A7087D /* Frameworks */ = {
			isa = PBXFrameworksBuildPhase;
			buildActionMask = 2147483647;
			files = (
				2CB417F03CA77DD70C4FDB5A /* VeritasKit in Frameworks */,
			);
			runOnlyForDeploymentPostprocessing = 0;
		};
/* End PBXFrameworksBuildPhase section */

/* Begin PBXGroup section */
		95DCA4FAD37A9AFAE210AF0B = {
			isa = PBXGroup;
			children = (
				7824C56D1034E65D313C9FC1 /* Veritas */,
				31793280A19CDC7880B10A8E /* Products */,
			);
			sourceTree = "<group>";
		};
		31793280A19CDC7880B10A8E /* Products */ = {
			isa = PBXGroup;
			children = (
				21DAE3DC924DD4C1483D3FB0 /* Veritas.app */,
			);
			name = Products;
			sourceTree = "<group>";
		};
		7824C56D1034E65D313C9FC1 /* Veritas */ = {
			isa = PBXGroup;
			children = (
				BB791F5F63079A5D20276769 /* Design */,
				96C62026CDBE4917CDD3A21B /* State */,
				45E1AB31BDBC9695BA88192F /* Views */,
				106D49302F1D944B45142836 /* Assets.xcassets */,
				62DD56E7CA71D03BD4DA5EDD /* Veritas.entitlements */,
				FA38048070E76CDF23E33D8F /* VeritasApp.swift */,
			);
			path = Veritas;
			sourceTree = "<group>";
		};
		BB791F5F63079A5D20276769 /* Design */ = {
			isa = PBXGroup;
			children = (
				EA6D714CCE44F3D68FE735F3 /* Theme.swift */,
			);
			path = Design;
			sourceTree = "<group>";
		};
		96C62026CDBE4917CDD3A21B /* State */ = {
			isa = PBXGroup;
			children = (
				74BC56BEF5CD9BC036CB6E0B /* AppStore.swift */,
				EF6167B7E76DDB38B901E17D /* DebateSession.swift */,
				3F2982ACF605130614F36380 /* Keychain.swift */,
			);
			path = State;
			sourceTree = "<group>";
		};
		45E1AB31BDBC9695BA88192F /* Views */ = {
			isa = PBXGroup;
			children = (
				4AD83206F032038F999249C1 /* DebateRoomView.swift */,
				4973C7307C0BE9C9A4CB7D76 /* DictationButton.swift */,
				AE63C97D0D965EBF37CD48BE /* HistoryView.swift */,
				7AD2018FAB468624030ABFED /* HomeView.swift */,
				1EE30165E490D527798FCA5D /* LibraryView.swift */,
				3A86EAA9533A0B56D4AA921A /* ReportView.swift */,
				6D387A97803587DBB369388A /* RootView.swift */,
				507F0702D5B0F86035086C26 /* SettingsView.swift */,
				62ABC3CB6C65A939CF7FCC18 /* SetupView.swift */,
			);
			path = Views;
			sourceTree = "<group>";
		};
/* End PBXGroup section */

/* Begin PBXNativeTarget section */
		C9BC3744BEE76653472F474C /* Veritas */ = {
			isa = PBXNativeTarget;
			buildConfigurationList = A886B50DF087AEF7B87CDC65 /* Build configuration list for PBXNativeTarget "Veritas" */;
			buildPhases = (
				C2511B36F0F0E810A9E46328 /* Sources */,
				019BAB185F97B56993A7087D /* Frameworks */,
				C2112B99FC6905E49DE55430 /* Resources */,
			);
			buildRules = (
			);
			dependencies = (
			);
			name = Veritas;
			packageProductDependencies = (
				B050E3EB3F45558E725458D7 /* VeritasKit */,
			);
			productName = Veritas;
			productReference = 21DAE3DC924DD4C1483D3FB0 /* Veritas.app */;
			productType = "com.apple.product-type.application";
		};
/* End PBXNativeTarget section */

/* Begin PBXProject section */
		98F54143AB4E86B28C3AFEE0 /* Project object */ = {
			isa = PBXProject;
			attributes = {
				BuildIndependentTargetsInParallel = 1;
				LastSwiftUpdateCheck = 1500;
				LastUpgradeCheck = 1500;
				TargetAttributes = {
					C9BC3744BEE76653472F474C = {
						CreatedOnToolsVersion = 15.0;
					};
				};
			};
			buildConfigurationList = 26E84C2B3712F7DFAC8AD93F /* Build configuration list for PBXProject "Veritas" */;
			compatibilityVersion = "Xcode 14.0";
			developmentRegion = en;
			hasScannedForEncodings = 0;
			knownRegions = (
				en,
				Base,
			);
			mainGroup = 95DCA4FAD37A9AFAE210AF0B;
			packageReferences = (
				F7489979BE3FCD4094C9B8F5 /* XCLocalSwiftPackageReference "Packages/VeritasKit" */,
			);
			productRefGroup = 31793280A19CDC7880B10A8E /* Products */;
			projectDirPath = "";
			projectRoot = "";
			targets = (
				C9BC3744BEE76653472F474C /* Veritas */,
			);
		};
/* End PBXProject section */

/* Begin PBXResourcesBuildPhase section */
		C2112B99FC6905E49DE55430 /* Resources */ = {
			isa = PBXResourcesBuildPhase;
			buildActionMask = 2147483647;
			files = (
				3E68B095CB0EABD6566AAD8C /* Assets.xcassets in Resources */,
			);
			runOnlyForDeploymentPostprocessing = 0;
		};
/* End PBXResourcesBuildPhase section */

/* Begin PBXSourcesBuildPhase section */
		C2511B36F0F0E810A9E46328 /* Sources */ = {
			isa = PBXSourcesBuildPhase;
			buildActionMask = 2147483647;
			files = (
				89F0C3F40F3CC640240D8127 /* Theme.swift in Sources */,
				9AC6944D61F84E7F3016C5E5 /* AppStore.swift in Sources */,
				5B0227E88340ED06CD048B7B /* DebateSession.swift in Sources */,
				18B9BF0908A9DF54EDB16D24 /* Keychain.swift in Sources */,
				F655146B6D9B732719681929 /* VeritasApp.swift in Sources */,
				760427358D1FFEEDC150F39D /* DebateRoomView.swift in Sources */,
				527F7C291B04828F903AC7C9 /* DictationButton.swift in Sources */,
				E2D53F633860BFA6EB43443B /* HistoryView.swift in Sources */,
				90DED613D1D54A33FAA60C32 /* HomeView.swift in Sources */,
				E175D6D553C4A1F6427E4B07 /* LibraryView.swift in Sources */,
				12CCF2167BA2CA67E3397A8F /* ReportView.swift in Sources */,
				1999EED209CF8D49151260FC /* RootView.swift in Sources */,
				4211AE5091F5C7B0625B3857 /* SettingsView.swift in Sources */,
				C7794B5D912199FAD1B3453E /* SetupView.swift in Sources */,
			);
			runOnlyForDeploymentPostprocessing = 0;
		};
/* End PBXSourcesBuildPhase section */

/* Begin XCBuildConfiguration section */
		70DCC1EB255A5F3C8D9ED349 /* Debug */ = {
			isa = XCBuildConfiguration;
			buildSettings = {
				ALWAYS_SEARCH_USER_PATHS = NO;
				CLANG_ANALYZER_NONNULL = YES;
				CLANG_ENABLE_MODULES = YES;
				CLANG_ENABLE_OBJC_ARC = YES;
				CLANG_WARN_DOCUMENTATION_COMMENTS = YES;
				CLANG_WARN_UNGUARDED_AVAILABILITY = YES_AGGRESSIVE;
				COPY_PHASE_STRIP = NO;
				DEBUG_INFORMATION_FORMAT = dwarf;
				ENABLE_STRICT_OBJC_MSGSEND = YES;
				ENABLE_TESTABILITY = YES;
				GCC_NO_COMMON_BLOCKS = YES;
				GCC_OPTIMIZATION_LEVEL = 0;
				IPHONEOS_DEPLOYMENT_TARGET = 17.0;
				MACOSX_DEPLOYMENT_TARGET = 14.0;
				MTL_ENABLE_DEBUG_INFO = INCLUDE_SOURCE;
				ONLY_ACTIVE_ARCH = YES;
				SDKROOT = auto;
				SUPPORTED_PLATFORMS = "iphoneos iphonesimulator macosx";
				SWIFT_ACTIVE_COMPILATION_CONDITIONS = DEBUG;
				SWIFT_OPTIMIZATION_LEVEL = "-Onone";
				SWIFT_VERSION = 5.0;
			};
			name = Debug;
		};
		C3DCEEC1E0EB17A5583B8E94 /* Release */ = {
			isa = XCBuildConfiguration;
			buildSettings = {
				ALWAYS_SEARCH_USER_PATHS = NO;
				CLANG_ANALYZER_NONNULL = YES;
				CLANG_ENABLE_MODULES = YES;
				CLANG_ENABLE_OBJC_ARC = YES;
				CLANG_WARN_DOCUMENTATION_COMMENTS = YES;
				CLANG_WARN_UNGUARDED_AVAILABILITY = YES_AGGRESSIVE;
				COPY_PHASE_STRIP = NO;
				DEBUG_INFORMATION_FORMAT = "dwarf-with-dsym";
				ENABLE_STRICT_OBJC_MSGSEND = YES;
				GCC_NO_COMMON_BLOCKS = YES;
				IPHONEOS_DEPLOYMENT_TARGET = 17.0;
				MACOSX_DEPLOYMENT_TARGET = 14.0;
				MTL_ENABLE_DEBUG_INFO = NO;
				SDKROOT = auto;
				SUPPORTED_PLATFORMS = "iphoneos iphonesimulator macosx";
				SWIFT_COMPILATION_MODE = wholemodule;
				SWIFT_VERSION = 5.0;
				VALIDATE_PRODUCT = YES;
			};
			name = Release;
		};
		DB189EBE9D4E38495C3C7EF5 /* Debug */ = {
			isa = XCBuildConfiguration;
			buildSettings = {
				"CODE_SIGN_ENTITLEMENTS[sdk=macosx*]" = Veritas/Veritas.entitlements;
				"ENABLE_HARDENED_RUNTIME[sdk=macosx*]" = YES;
				"INFOPLIST_KEY_UILaunchScreen_Generation[sdk=iphoneos*]" = YES;
				"INFOPLIST_KEY_UILaunchScreen_Generation[sdk=iphonesimulator*]" = YES;
				ASSETCATALOG_COMPILER_APPICON_NAME = AppIcon;
				ASSETCATALOG_COMPILER_GLOBAL_ACCENT_COLOR_NAME = AccentColor;
				CODE_SIGN_STYLE = Automatic;
				CURRENT_PROJECT_VERSION = 1;
				ENABLE_PREVIEWS = YES;
				GENERATE_INFOPLIST_FILE = YES;
				INFOPLIST_KEY_CFBundleDisplayName = Veritas;
				INFOPLIST_KEY_NSMicrophoneUsageDescription = "Veritas uses the microphone so you can speak your turn instead of typing it.";
				INFOPLIST_KEY_NSSpeechRecognitionUsageDescription = "Veritas transcribes your spoken turn so the referee can analyse what was said.";
				MARKETING_VERSION = 1.0;
				PRODUCT_BUNDLE_IDENTIFIER = dev.veritas.app;
				PRODUCT_NAME = "$(TARGET_NAME)";
				SWIFT_EMIT_LOC_STRINGS = YES;
				TARGETED_DEVICE_FAMILY = "1,2";
			};
			name = Debug;
		};
		032222C0BAA33BC7119DFAF1 /* Release */ = {
			isa = XCBuildConfiguration;
			buildSettings = {
				"CODE_SIGN_ENTITLEMENTS[sdk=macosx*]" = Veritas/Veritas.entitlements;
				"ENABLE_HARDENED_RUNTIME[sdk=macosx*]" = YES;
				"INFOPLIST_KEY_UILaunchScreen_Generation[sdk=iphoneos*]" = YES;
				"INFOPLIST_KEY_UILaunchScreen_Generation[sdk=iphonesimulator*]" = YES;
				ASSETCATALOG_COMPILER_APPICON_NAME = AppIcon;
				ASSETCATALOG_COMPILER_GLOBAL_ACCENT_COLOR_NAME = AccentColor;
				CODE_SIGN_STYLE = Automatic;
				CURRENT_PROJECT_VERSION = 1;
				ENABLE_PREVIEWS = YES;
				GENERATE_INFOPLIST_FILE = YES;
				INFOPLIST_KEY_CFBundleDisplayName = Veritas;
				INFOPLIST_KEY_NSMicrophoneUsageDescription = "Veritas uses the microphone so you can speak your turn instead of typing it.";
				INFOPLIST_KEY_NSSpeechRecognitionUsageDescription = "Veritas transcribes your spoken turn so the referee can analyse what was said.";
				MARKETING_VERSION = 1.0;
				PRODUCT_BUNDLE_IDENTIFIER = dev.veritas.app;
				PRODUCT_NAME = "$(TARGET_NAME)";
				SWIFT_EMIT_LOC_STRINGS = YES;
				TARGETED_DEVICE_FAMILY = "1,2";
			};
			name = Release;
		};
/* End XCBuildConfiguration section */

/* Begin XCConfigurationList section */
		26E84C2B3712F7DFAC8AD93F /* Build configuration list for PBXProject "Veritas" */ = {
			isa = XCConfigurationList;
			buildConfigurations = (
				70DCC1EB255A5F3C8D9ED349 /* Debug */,
				C3DCEEC1E0EB17A5583B8E94 /* Release */,
			);
			defaultConfigurationIsVisible = 0;
			defaultConfigurationName = Release;
		};
		A886B50DF087AEF7B87CDC65 /* Build configuration list for PBXNativeTarget "Veritas" */ = {
			isa = XCConfigurationList;
			buildConfigurations = (
				DB189EBE9D4E38495C3C7EF5 /* Debug */,
				032222C0BAA33BC7119DFAF1 /* Release */,
			);
			defaultConfigurationIsVisible = 0;
			defaultConfigurationName = Release;
		};
/* End XCConfigurationList section */

/* Begin XCLocalSwiftPackageReference section */
		F7489979BE3FCD4094C9B8F5 /* XCLocalSwiftPackageReference "Packages/VeritasKit" */ = {
			isa = XCLocalSwiftPackageReference;
			relativePath = Packages/VeritasKit;
		};
/* End XCLocalSwiftPackageReference section */

/* Begin XCSwiftPackageProductDependency section */
		B050E3EB3F45558E725458D7 /* VeritasKit */ = {
			isa = XCSwiftPackageProductDependency;
			productName = VeritasKit;
		};
/* End XCSwiftPackageProductDependency section */
	};
	rootObject = 98F54143AB4E86B28C3AFEE0 /* Project object */;
}
